
Microsoft Visual Studio Solution File, Format Version 12.00
# Visual Studio Version 17
VisualStudioVersion = 17.5.33424.131
MinimumVisualStudioVersion = 10.0.40219.1
Project("{9A19103F-16F7-4668-BE54-9A1E7A4F7556}") = "lab01_tmps", "lab01_tmps\lab01_tmps.csproj", "{41CE402A-3C82-430B-AB5E-52E0C6275068}"
EndProject
Project("{9A19103F-16F7-4668-BE54-9A1E7A4F7556}") = "Builder", "Builder\Builder.csproj", "{B9025E77-B1ED-4D3D-8C88-C0EBDCD3FF38}"
EndProject
Project("{9A19103F-16F7-4668-BE54-9A1E7A4F7556}") = "FactoryMethod", "FactoryMethod\FactoryMethod.csproj", "{A4DC637E-C408-4C5E-98E6-C3A4BC47C11F}"
EndProject
Project("{9A19103F-16F7-4668-BE54-9A1E7A4F7556}") = "Prototype", "Prototype\Prototype.csproj", "{6FDC75C0-0B53-405D-A869-4105C181640E}"
EndProject
Project("{FAE04EC0-301F-11D3-BF4B-00C04F79EFBC}") = "Abstract_Factory", "Abstract_Factory\Abstract_Factory.csproj", "{EE68194A-0DA2-47B7-957F-1BE14FFA1D8A}"
EndProject
Global
	GlobalSection(SolutionConfigurationPlatforms) = preSolution
		Debug|Any CPU = Debug|Any CPU
		Release|Any CPU = Release|Any CPU
	EndGlobalSection
	GlobalSection(ProjectConfigurationPlatforms) = postSolution
		{41CE402A-3C82-430B-AB5E-52E0C6275068}.Debug|Any CPU.ActiveCfg = Debug|Any CPU
		{41CE402A-3C82-430B-AB5E-52E0C6275068}.Debug|Any CPU.Build.0 = Debug|Any CPU
		{41CE402A-3C82-430B-AB5E-52E0C6275068}.Release|Any CPU.ActiveCfg = Release|Any CPU
		{41CE402A-3C82-430B-AB5E-52E0C6275068}.Release|Any CPU.Build.0 = Release|Any CPU
		{B9025E77-B1ED-4D3D-8C88-C0EBDCD3FF38}.Debug|Any CPU.ActiveCfg = Debug|Any CPU
		{B9025E77-B1ED-4D3D-8C88-C0EBDCD3FF38}.Debug|Any CPU.Build.0 = Debug|Any CPU
		{B9025E77-B1ED-4D3D-8C88-C0EBDCD3FF38}.Release|Any CPU.ActiveCfg = Release|Any CPU
		{B9025E77-B1ED-4D3D-8C88-C0EBDCD3FF38}.Release|Any CPU.Build.0 = Release|Any CPU
		{A4DC637E-C408-4C5E-98E6-C3A4BC47C11F}.Debug|Any CPU.ActiveCfg = Debug|Any CPU
		{A4DC637E-C408-4C5E-98E6-C3A4BC47C11F}.Debug|Any CPU.Build.0 = Debug|Any CPU
		{A4DC637E-C408-4C5E-98E6-C3A4BC47C11F}.Release|Any CPU.ActiveCfg = Release|Any CPU
		{A4DC637E-C408-4C5E-98E6-C3A4BC47C11F}.Release|Any CPU.Build.0 = Release|Any CPU
		{6FDC75C0-0B53-405D-A869-4105C181640E}.Debug|Any CPU.ActiveCfg = Debug|Any CPU
		{6FDC75C0-0B53-405D-A869-4105C181640E}.Debug|Any CPU.Build.0 = Debug|Any CPU
		{6FDC75C0-0B53-405D-A869-4105C181640E}.Release|Any CPU.ActiveCfg = Release|Any CPU
		{6FDC75C0-0B53-405D-A869-4105C181640E}.Release|Any CPU.Build.0 = Release|Any CPU
		{EE68194A-0DA2-47B7-957F-1BE14FFA1D8A}.Debug|Any CPU.ActiveCfg = Debug|Any CPU
		{EE68194A-0DA2-47B7-957F-1BE14FFA1D8A}.Debug|Any CPU.Build.0 = Debug|Any CPU
		{EE68194A-0DA2-47B7-957F-1BE14FFA1D8A}.Release|Any CPU.ActiveCfg = Release|Any CPU
		{EE68194A-0DA2-47B7-957F-1BE14FFA1D8A}.Release|Any CPU.Build.0 = Release|Any CPU
	EndGlobalSection
	GlobalSection(SolutionProperties) = preSolution
		HideSolutionNode = FALSE
	EndGlobalSection
	GlobalSection(ExtensibilityGlobals) = postSolution
		SolutionGuid = {9CBF0180-67CD-4DDC-91EF-D75BE247B480}
	EndGlobalSection
EndGlobal
